
Microsoft Visual Studio Solution File, Format Version 12.00
Project("{FAE04EC0-301F-11D3-BF4B-00C04F79EFBC}") = "MediaPlayerWPF", "MediaPlayerWPF\MediaPlayerWPF.csproj", "{C750B825-52FB-435E-8829-2196AC5FC8A7}"
EndProject
Global
	GlobalSection(SolutionConfigurationPlatforms) = preSolution
		Debug|Any CPU = Debug|Any CPU
		Release|Any CPU = Release|Any CPU
	EndGlobalSection
	GlobalSection(ProjectConfigurationPlatforms) = postSolution
		{C750B825-52FB-435E-8829-2196AC5FC8A7}.Debug|Any CPU.ActiveCfg = Debug|Any CPU
		{C750B825-52FB-435E-8829-2196AC5FC8A7}.Debug|Any CPU.Build.0 = Debug|Any CPU
		{C750B825-52FB-435E-8829-2196AC5FC8A7}.Release|Any CPU.ActiveCfg = Release|Any CPU
		{C750B825-52FB-435E-8829-2196AC5FC8A7}.Release|Any CPU.Build.0 = Release|Any CPU
	EndGlobalSection
EndGlobal
